
Microsoft Visual Studio Solution File, Format Version 12.00
# Visual Studio Version 17
VisualStudioVersion = 17.2.32526.322
MinimumVisualStudioVersion = 10.0.40219.1
Project("{FAE04EC0-301F-11D3-BF4B-00C04F79EFBC}") = "MyGreatTreeview", "MyGreatTreeview\MyGreatTreeview.csproj", "{45C5A29E-42AE-49A5-8B4E-EA34B9693EF5}"
EndProject
Global
	GlobalSection(SolutionConfigurationPlatforms) = preSolution
		Debug|Any CPU = Debug|Any CPU
		Release|Any CPU = Release|Any CPU
	EndGlobalSection
	GlobalSection(ProjectConfigurationPlatforms) = postSolution
		{45C5A29E-42AE-49A5-8B4E-EA34B9693EF5}.Debug|Any CPU.ActiveCfg = Debug|Any CPU
		{45C5A29E-42AE-49A5-8B4E-EA34B9693EF5}.Debug|Any CPU.Build.0 = Debug|Any CPU
		{45C5A29E-42AE-49A5-8B4E-EA34B9693EF5}.Release|Any CPU.ActiveCfg = Release|Any CPU
		{45C5A29E-42AE-49A5-8B4E-EA34B9693EF5}.Release|Any CPU.Build.0 = Release|Any CPU
	EndGlobalSection
	GlobalSection(SolutionProperties) = preSolution
		HideSolutionNode = FALSE
	EndGlobalSection
	GlobalSection(ExtensibilityGlobals) = postSolution
		SolutionGuid = {3DA06393-06E6-48B9-A132-598EE27F08D2}
	EndGlobalSection
EndGlobal
