
Microsoft Visual Studio Solution File, Format Version 12.00
# Visual Studio Version 17
VisualStudioVersion = 17.2.32526.322
MinimumVisualStudioVersion = 10.0.40219.1
Project("{FAE04EC0-301F-11D3-BF4B-00C04F79EFBC}") = "MyStringBuilder", "MyStringBuilder\MyStringBuilder.csproj", "{8309BAA6-532B-424E-8F5B-CB283FE23B1E}"
EndProject
Global
	GlobalSection(SolutionConfigurationPlatforms) = preSolution
		Debug|Any CPU = Debug|Any CPU
		Release|Any CPU = Release|Any CPU
	EndGlobalSection
	GlobalSection(ProjectConfigurationPlatforms) = postSolution
		{8309BAA6-532B-424E-8F5B-CB283FE23B1E}.Debug|Any CPU.ActiveCfg = Debug|Any CPU
		{8309BAA6-532B-424E-8F5B-CB283FE23B1E}.Debug|Any CPU.Build.0 = Debug|Any CPU
		{8309BAA6-532B-424E-8F5B-CB283FE23B1E}.Release|Any CPU.ActiveCfg = Release|Any CPU
		{8309BAA6-532B-424E-8F5B-CB283FE23B1E}.Release|Any CPU.Build.0 = Release|Any CPU
	EndGlobalSection
	GlobalSection(SolutionProperties) = preSolution
		HideSolutionNode = FALSE
	EndGlobalSection
	GlobalSection(ExtensibilityGlobals) = postSolution
		SolutionGuid = {11B291E9-FEBB-43A8-B9C3-8460A2CFFE12}
	EndGlobalSection
EndGlobal
