
Microsoft Visual Studio Solution File, Format Version 12.00
# Visual Studio Version 17
VisualStudioVersion = 17.2.32526.322
MinimumVisualStudioVersion = 10.0.40219.1
Project("{9A19103F-16F7-4668-BE54-9A1E7A4F7556}") = "RevisionAout", "RevisionAout\RevisionAout.csproj", "{EA79C081-3CE0-449A-AEAF-E01BF9F76BE8}"
EndProject
Project("{FAE04EC0-301F-11D3-BF4B-00C04F79EFBC}") = "ConsoleApp1", "ConsoleApp1\ConsoleApp1.csproj", "{EB4FD00A-3A5E-4687-B89C-9936B9710CB8}"
EndProject
Global
	GlobalSection(SolutionConfigurationPlatforms) = preSolution
		Debug|Any CPU = Debug|Any CPU
		Release|Any CPU = Release|Any CPU
	EndGlobalSection
	GlobalSection(ProjectConfigurationPlatforms) = postSolution
		{EA79C081-3CE0-449A-AEAF-E01BF9F76BE8}.Debug|Any CPU.ActiveCfg = Debug|Any CPU
		{EA79C081-3CE0-449A-AEAF-E01BF9F76BE8}.Debug|Any CPU.Build.0 = Debug|Any CPU
		{EA79C081-3CE0-449A-AEAF-E01BF9F76BE8}.Release|Any CPU.ActiveCfg = Release|Any CPU
		{EA79C081-3CE0-449A-AEAF-E01BF9F76BE8}.Release|Any CPU.Build.0 = Release|Any CPU
		{EB4FD00A-3A5E-4687-B89C-9936B9710CB8}.Debug|Any CPU.ActiveCfg = Debug|Any CPU
		{EB4FD00A-3A5E-4687-B89C-9936B9710CB8}.Debug|Any CPU.Build.0 = Debug|Any CPU
		{EB4FD00A-3A5E-4687-B89C-9936B9710CB8}.Release|Any CPU.ActiveCfg = Release|Any CPU
		{EB4FD00A-3A5E-4687-B89C-9936B9710CB8}.Release|Any CPU.Build.0 = Release|Any CPU
	EndGlobalSection
	GlobalSection(SolutionProperties) = preSolution
		HideSolutionNode = FALSE
	EndGlobalSection
	GlobalSection(ExtensibilityGlobals) = postSolution
		SolutionGuid = {54771074-1BFB-42A7-824B-C9706DB2B971}
	EndGlobalSection
EndGlobal
