
Microsoft Visual Studio Solution File, Format Version 12.00
# Visual Studio Version 17
VisualStudioVersion = 17.2.32526.322
MinimumVisualStudioVersion = 10.0.40219.1
Project("{FAE04EC0-301F-11D3-BF4B-00C04F79EFBC}") = "LoanUI", "LoanUI\LoanUI.csproj", "{36F9F475-38B8-4E22-B875-E369F9DCB16A}"
EndProject
Project("{FAE04EC0-301F-11D3-BF4B-00C04F79EFBC}") = "LoanCore", "LoanCore\LoanCore.csproj", "{B2391301-8E1E-4AAD-9F1E-74F3887D0122}"
EndProject
Global
	GlobalSection(SolutionConfigurationPlatforms) = preSolution
		Debug|Any CPU = Debug|Any CPU
		Release|Any CPU = Release|Any CPU
	EndGlobalSection
	GlobalSection(ProjectConfigurationPlatforms) = postSolution
		{36F9F475-38B8-4E22-B875-E369F9DCB16A}.Debug|Any CPU.ActiveCfg = Debug|Any CPU
		{36F9F475-38B8-4E22-B875-E369F9DCB16A}.Debug|Any CPU.Build.0 = Debug|Any CPU
		{36F9F475-38B8-4E22-B875-E369F9DCB16A}.Release|Any CPU.ActiveCfg = Release|Any CPU
		{36F9F475-38B8-4E22-B875-E369F9DCB16A}.Release|Any CPU.Build.0 = Release|Any CPU
		{B2391301-8E1E-4AAD-9F1E-74F3887D0122}.Debug|Any CPU.ActiveCfg = Debug|Any CPU
		{B2391301-8E1E-4AAD-9F1E-74F3887D0122}.Debug|Any CPU.Build.0 = Debug|Any CPU
		{B2391301-8E1E-4AAD-9F1E-74F3887D0122}.Release|Any CPU.ActiveCfg = Release|Any CPU
		{B2391301-8E1E-4AAD-9F1E-74F3887D0122}.Release|Any CPU.Build.0 = Release|Any CPU
	EndGlobalSection
	GlobalSection(SolutionProperties) = preSolution
		HideSolutionNode = FALSE
	EndGlobalSection
	GlobalSection(ExtensibilityGlobals) = postSolution
		SolutionGuid = {5A774EED-CEBF-4599-AA28-EC6E5B92D266}
	EndGlobalSection
EndGlobal
