
Microsoft Visual Studio Solution File, Format Version 12.00
# Visual Studio Version 17
VisualStudioVersion = 17.2.32526.322
MinimumVisualStudioVersion = 10.0.40219.1
Project("{FAE04EC0-301F-11D3-BF4B-00C04F79EFBC}") = "ToutEmbalDemo", "ToutEmbalDemo\ToutEmbalDemo.csproj", "{C71FDE69-1D3E-48E4-8871-26BEEE17EC7A}"
EndProject
Project("{FAE04EC0-301F-11D3-BF4B-00C04F79EFBC}") = "ToutEmbalDemo.Tests", "ToutEmbalDemo.Tests\ToutEmbalDemo.Tests.csproj", "{2915C9D9-8F87-40B3-9777-F27D67DCEA13}"
EndProject
Global
	GlobalSection(SolutionConfigurationPlatforms) = preSolution
		Debug|Any CPU = Debug|Any CPU
		Release|Any CPU = Release|Any CPU
	EndGlobalSection
	GlobalSection(ProjectConfigurationPlatforms) = postSolution
		{C71FDE69-1D3E-48E4-8871-26BEEE17EC7A}.Debug|Any CPU.ActiveCfg = Debug|Any CPU
		{C71FDE69-1D3E-48E4-8871-26BEEE17EC7A}.Debug|Any CPU.Build.0 = Debug|Any CPU
		{C71FDE69-1D3E-48E4-8871-26BEEE17EC7A}.Release|Any CPU.ActiveCfg = Release|Any CPU
		{C71FDE69-1D3E-48E4-8871-26BEEE17EC7A}.Release|Any CPU.Build.0 = Release|Any CPU
		{2915C9D9-8F87-40B3-9777-F27D67DCEA13}.Debug|Any CPU.ActiveCfg = Debug|Any CPU
		{2915C9D9-8F87-40B3-9777-F27D67DCEA13}.Debug|Any CPU.Build.0 = Debug|Any CPU
		{2915C9D9-8F87-40B3-9777-F27D67DCEA13}.Release|Any CPU.ActiveCfg = Release|Any CPU
		{2915C9D9-8F87-40B3-9777-F27D67DCEA13}.Release|Any CPU.Build.0 = Release|Any CPU
	EndGlobalSection
	GlobalSection(SolutionProperties) = preSolution
		HideSolutionNode = FALSE
	EndGlobalSection
	GlobalSection(ExtensibilityGlobals) = postSolution
		SolutionGuid = {F014F548-B8E2-44D9-B9DC-4DA16D8FB0F7}
	EndGlobalSection
EndGlobal
